[[package]]
name = "anytree"
version = "2.8.0"
description = "Powerful and Lightweight Python Tree Data Structure.."
category = "main"
optional = false
python-versions = "*"

[package.dependencies]
six = ">=1.9.0"

[package.extras]
dev = ["check-manifest"]
test = ["coverage"]

[[package]]
name = "avro"
version = "1.11.1"
description = "Avro is a serialization and RPC framework."
category = "main"
optional = false
python-versions = ">=3.6"

[package.extras]
snappy = ["python-snappy"]
zstandard = ["zstandard"]

[[package]]
name = "click"
version = "8.1.3"
description = "Composable command line interface toolkit"
category = "main"
optional = false
python-versions = ">=3.7"

[package.dependencies]
colorama = {version = "*", markers = "platform_system == \"Windows\""}

[[package]]
name = "colorama"
version = "0.4.5"
description = "Cross-platform colored terminal text."
category = "main"
optional = false
python-versions = ">=2.7, !=3.0.*, !=3.1.*, !=3.2.*, !=3.3.*, !=3.4.*"

[[package]]
name = "jinja2"
version = "3.1.2"
description = "A very fast and expressive template engine."
category = "main"
optional = false
python-versions = ">=3.7"

[package.dependencies]
MarkupSafe = ">=2.0"

[package.extras]
i18n = ["Babel (>=2.7)"]

[[package]]
name = "markupsafe"
version = "2.1.1"
description = "Safely add untrusted strings to HTML/XML markup."
category = "main"
optional = false
python-versions = ">=3.7"

[[package]]
name = "nested-lookup"
version = "0.2.25"
description = "Python functions for working with deeply nested documents (lists and dicts)"
category = "main"
optional = false
python-versions = "*"

[package.dependencies]
six = "*"

[[package]]
name = "six"
version = "1.16.0"
description = "Python 2 and 3 compatibility utilities"
category = "main"
optional = false
python-versions = ">=2.7, !=3.0.*, !=3.1.*, !=3.2.*"

[[package]]
name = "typing-extensions"
version = "4.3.0"
description = "Backported and Experimental Type Hints for Python 3.7+"
category = "main"
optional = false
python-versions = ">=3.7"

[[package]]
name = "typingx"
version = "0.6.0"
description = "Extend typing package functionalities"
category = "main"
optional = false
python-versions = ">=3.6.2,<4.0.0"

[package.dependencies]
typing_extensions = {version = ">=4.0.1,<5.0.0", markers = "python_full_version < \"3.9.2\""}

[metadata]
lock-version = "1.1"
python-versions = "^3.8,<3.11"
content-hash = "6dc797505bb701eb1e9023f570310626a59baa6915c865ce6170f95461b43bae"

[metadata.files]
anytree = []
avro = []
click = []
colorama = []
jinja2 = []
markupsafe = []
nested-lookup = []
six = []
typing-extensions = []
typingx = []
